
Microsoft Visual Studio Solution File, Format Version 12.00
# Visual Studio Version 17
VisualStudioVersion = 17.2.32505.173
MinimumVisualStudioVersion = 10.0.40219.1
Project("{9A19103F-16F7-4668-BE54-9A1E7A4F7556}") = "IndexerExample", "IndexerExample\IndexerExample.csproj", "{990C4DE4-41AC-4C53-97FF-6B6BC2F323B7}"
EndProject
Project("{FAE04EC0-301F-11D3-BF4B-00C04F79EFBC}") = "OverloadOperatorExample", "OverloadOperatorExample\OverloadOperatorExample.csproj", "{9E1BAD69-D8D7-4284-89B0-00B7E164BE5E}"
EndProject
Global
	GlobalSection(SolutionConfigurationPlatforms) = preSolution
		Debug|Any CPU = Debug|Any CPU
		Release|Any CPU = Release|Any CPU
	EndGlobalSection
	GlobalSection(ProjectConfigurationPlatforms) = postSolution
		{990C4DE4-41AC-4C53-97FF-6B6BC2F323B7}.Debug|Any CPU.ActiveCfg = Debug|Any CPU
		{990C4DE4-41AC-4C53-97FF-6B6BC2F323B7}.Debug|Any CPU.Build.0 = Debug|Any CPU
		{990C4DE4-41AC-4C53-97FF-6B6BC2F323B7}.Release|Any CPU.ActiveCfg = Release|Any CPU
		{990C4DE4-41AC-4C53-97FF-6B6BC2F323B7}.Release|Any CPU.Build.0 = Release|Any CPU
		{9E1BAD69-D8D7-4284-89B0-00B7E164BE5E}.Debug|Any CPU.ActiveCfg = Debug|Any CPU
		{9E1BAD69-D8D7-4284-89B0-00B7E164BE5E}.Debug|Any CPU.Build.0 = Debug|Any CPU
		{9E1BAD69-D8D7-4284-89B0-00B7E164BE5E}.Release|Any CPU.ActiveCfg = Release|Any CPU
		{9E1BAD69-D8D7-4284-89B0-00B7E164BE5E}.Release|Any CPU.Build.0 = Release|Any CPU
	EndGlobalSection
	GlobalSection(SolutionProperties) = preSolution
		HideSolutionNode = FALSE
	EndGlobalSection
	GlobalSection(ExtensibilityGlobals) = postSolution
		SolutionGuid = {69C8187E-8D0C-4FCD-BDF3-BA92CEF213A4}
	EndGlobalSection
EndGlobal
