
Microsoft Visual Studio Solution File, Format Version 12.00
# Visual Studio Version 17
VisualStudioVersion = 17.2.32505.173
MinimumVisualStudioVersion = 10.0.40219.1
Project("{FAE04EC0-301F-11D3-BF4B-00C04F79EFBC}") = "FirstWinApp", "FirstWinApp\FirstWinApp.csproj", "{3B7534AA-1040-4978-9DF9-48EAD3649E79}"
EndProject
Global
	GlobalSection(SolutionConfigurationPlatforms) = preSolution
		Debug|Any CPU = Debug|Any CPU
		Release|Any CPU = Release|Any CPU
	EndGlobalSection
	GlobalSection(ProjectConfigurationPlatforms) = postSolution
		{3B7534AA-1040-4978-9DF9-48EAD3649E79}.Debug|Any CPU.ActiveCfg = Debug|Any CPU
		{3B7534AA-1040-4978-9DF9-48EAD3649E79}.Debug|Any CPU.Build.0 = Debug|Any CPU
		{3B7534AA-1040-4978-9DF9-48EAD3649E79}.Release|Any CPU.ActiveCfg = Release|Any CPU
		{3B7534AA-1040-4978-9DF9-48EAD3649E79}.Release|Any CPU.Build.0 = Release|Any CPU
	EndGlobalSection
	GlobalSection(SolutionProperties) = preSolution
		HideSolutionNode = FALSE
	EndGlobalSection
	GlobalSection(ExtensibilityGlobals) = postSolution
		SolutionGuid = {1F354205-BBE4-4947-8AC8-9BBBDAAF3143}
	EndGlobalSection
EndGlobal
