
Microsoft Visual Studio Solution File, Format Version 12.00
# Visual Studio Version 17
VisualStudioVersion = 17.2.32505.173
MinimumVisualStudioVersion = 10.0.40219.1
Project("{FAE04EC0-301F-11D3-BF4B-00C04F79EFBC}") = "MyStockWebApp", "MyStockWebApp\MyStockWebApp.csproj", "{8322635E-B7AD-493F-A449-58EFD43E44B8}"
EndProject
Global
	GlobalSection(SolutionConfigurationPlatforms) = preSolution
		Debug|Any CPU = Debug|Any CPU
		Release|Any CPU = Release|Any CPU
	EndGlobalSection
	GlobalSection(ProjectConfigurationPlatforms) = postSolution
		{8322635E-B7AD-493F-A449-58EFD43E44B8}.Debug|Any CPU.ActiveCfg = Debug|Any CPU
		{8322635E-B7AD-493F-A449-58EFD43E44B8}.Debug|Any CPU.Build.0 = Debug|Any CPU
		{8322635E-B7AD-493F-A449-58EFD43E44B8}.Release|Any CPU.ActiveCfg = Release|Any CPU
		{8322635E-B7AD-493F-A449-58EFD43E44B8}.Release|Any CPU.Build.0 = Release|Any CPU
	EndGlobalSection
	GlobalSection(SolutionProperties) = preSolution
		HideSolutionNode = FALSE
	EndGlobalSection
	GlobalSection(ExtensibilityGlobals) = postSolution
		SolutionGuid = {E7A53B1B-06E6-4337-9DFB-C4E25CA4CBB8}
	EndGlobalSection
EndGlobal
